
Microsoft Visual Studio Solution File, Format Version 12.00
# Visual Studio 2015
Project("{FAE04EC0-301F-11D3-BF4B-00C04F79EFBC}") = "JSON Communication Demo.CSharp", "JSON Communication Demo.CSharp.csproj", "{A5BFB0F9-3F3E-9E33-6E69-F97811B0270F}"
EndProject
Global
	GlobalSection(SolutionConfigurationPlatforms) = preSolution
		Debug|Any CPU = Debug|Any CPU
		Release|Any CPU = Release|Any CPU
	EndGlobalSection
	GlobalSection(ProjectConfigurationPlatforms) = postSolution
		{A5BFB0F9-3F3E-9E33-6E69-F97811B0270F}.Debug|Any CPU.ActiveCfg = Debug|Any CPU
		{A5BFB0F9-3F3E-9E33-6E69-F97811B0270F}.Debug|Any CPU.Build.0 = Debug|Any CPU
		{A5BFB0F9-3F3E-9E33-6E69-F97811B0270F}.Release|Any CPU.ActiveCfg = Release|Any CPU
		{A5BFB0F9-3F3E-9E33-6E69-F97811B0270F}.Release|Any CPU.Build.0 = Release|Any CPU
	EndGlobalSection
	GlobalSection(SolutionProperties) = preSolution
		HideSolutionNode = FALSE
	EndGlobalSection
EndGlobal
